
Microsoft Visual Studio Solution File, Format Version 12.00
# Visual Studio Version 17
VisualStudioVersion = 17.14.36414.22
MinimumVisualStudioVersion = 10.0.40219.1
Project("{FAE04EC0-301F-11D3-BF4B-00C04F79EFBC}") = "TDG.LLM.Api", "TDG.LLM.Api\TDG.LLM.Api.csproj", "{92CA02EB-DEE9-4377-A8DE-538EEA23CD5C}"
EndProject
Project("{FAE04EC0-301F-11D3-BF4B-00C04F79EFBC}") = "TDG.LLM.Core", "TDG.LLM.Core\TDG.LLM.Core.csproj", "{DBFFBF83-1EB4-4C5C-BA3C-DDB31FC00461}"
EndProject
Project("{FAE04EC0-301F-11D3-BF4B-00C04F79EFBC}") = "TDG.LLM.Shared", "TDG.LLM.Shared\TDG.LLM.Shared.csproj", "{80AA675F-BD81-4AE2-8777-26B90DC92E2D}"
EndProject
Project("{FAE04EC0-301F-11D3-BF4B-00C04F79EFBC}") = "TDG.LLM.Client", "TDG.LLM.Client\TDG.LLM.Client.csproj", "{1D08FE5F-C056-4430-ADA8-CBD4FF03A841}"
EndProject
Project("{FAE04EC0-301F-11D3-BF4B-00C04F79EFBC}") = "TDG.LLM.WebApp", "TDG.LLM.WebApp\TDG.LLM.WebApp.csproj", "{6999EB83-A5A4-4799-A28D-B1D246B95F18}"
EndProject
Global
	GlobalSection(SolutionConfigurationPlatforms) = preSolution
		Debug|Any CPU = Debug|Any CPU
		Release|Any CPU = Release|Any CPU
	EndGlobalSection
	GlobalSection(ProjectConfigurationPlatforms) = postSolution
		{92CA02EB-DEE9-4377-A8DE-538EEA23CD5C}.Debug|Any CPU.ActiveCfg = Debug|Any CPU
		{92CA02EB-DEE9-4377-A8DE-538EEA23CD5C}.Debug|Any CPU.Build.0 = Debug|Any CPU
		{92CA02EB-DEE9-4377-A8DE-538EEA23CD5C}.Release|Any CPU.ActiveCfg = Release|Any CPU
		{92CA02EB-DEE9-4377-A8DE-538EEA23CD5C}.Release|Any CPU.Build.0 = Release|Any CPU
		{DBFFBF83-1EB4-4C5C-BA3C-DDB31FC00461}.Debug|Any CPU.ActiveCfg = Debug|Any CPU
		{DBFFBF83-1EB4-4C5C-BA3C-DDB31FC00461}.Debug|Any CPU.Build.0 = Debug|Any CPU
		{DBFFBF83-1EB4-4C5C-BA3C-DDB31FC00461}.Release|Any CPU.ActiveCfg = Release|Any CPU
		{DBFFBF83-1EB4-4C5C-BA3C-DDB31FC00461}.Release|Any CPU.Build.0 = Release|Any CPU
		{80AA675F-BD81-4AE2-8777-26B90DC92E2D}.Debug|Any CPU.ActiveCfg = Debug|Any CPU
		{80AA675F-BD81-4AE2-8777-26B90DC92E2D}.Debug|Any CPU.Build.0 = Debug|Any CPU
		{80AA675F-BD81-4AE2-8777-26B90DC92E2D}.Release|Any CPU.ActiveCfg = Release|Any CPU
		{80AA675F-BD81-4AE2-8777-26B90DC92E2D}.Release|Any CPU.Build.0 = Release|Any CPU
		{1D08FE5F-C056-4430-ADA8-CBD4FF03A841}.Debug|Any CPU.ActiveCfg = Debug|Any CPU
		{1D08FE5F-C056-4430-ADA8-CBD4FF03A841}.Debug|Any CPU.Build.0 = Debug|Any CPU
		{1D08FE5F-C056-4430-ADA8-CBD4FF03A841}.Release|Any CPU.ActiveCfg = Release|Any CPU
		{1D08FE5F-C056-4430-ADA8-CBD4FF03A841}.Release|Any CPU.Build.0 = Release|Any CPU
		{6999EB83-A5A4-4799-A28D-B1D246B95F18}.Debug|Any CPU.ActiveCfg = Debug|Any CPU
		{6999EB83-A5A4-4799-A28D-B1D246B95F18}.Debug|Any CPU.Build.0 = Debug|Any CPU
		{6999EB83-A5A4-4799-A28D-B1D246B95F18}.Release|Any CPU.ActiveCfg = Release|Any CPU
		{6999EB83-A5A4-4799-A28D-B1D246B95F18}.Release|Any CPU.Build.0 = Release|Any CPU
	EndGlobalSection
	GlobalSection(SolutionProperties) = preSolution
		HideSolutionNode = FALSE
	EndGlobalSection
	GlobalSection(ExtensibilityGlobals) = postSolution
		SolutionGuid = {9BD74C39-805C-4D23-8D4A-0CE3C9EA9393}
	EndGlobalSection
EndGlobal
